
Microsoft Visual Studio Solution File, Format Version 12.00
# Visual Studio Version 16
VisualStudioVersion = 16.0.31402.337
MinimumVisualStudioVersion = 10.0.40219.1
Project("{FAE04EC0-301F-11D3-BF4B-00C04F79EFBC}") = "Archiver", "Archiver\Archiver.csproj", "{F598F8DE-D3EF-43CC-B72B-F5ADFDF2BD7B}"
EndProject
Global
	GlobalSection(SolutionConfigurationPlatforms) = preSolution
		Debug|Any CPU = Debug|Any CPU
		Release|Any CPU = Release|Any CPU
	EndGlobalSection
	GlobalSection(ProjectConfigurationPlatforms) = postSolution
		{F598F8DE-D3EF-43CC-B72B-F5ADFDF2BD7B}.Debug|Any CPU.ActiveCfg = Debug|Any CPU
		{F598F8DE-D3EF-43CC-B72B-F5ADFDF2BD7B}.Debug|Any CPU.Build.0 = Debug|Any CPU
		{F598F8DE-D3EF-43CC-B72B-F5ADFDF2BD7B}.Release|Any CPU.ActiveCfg = Release|Any CPU
		{F598F8DE-D3EF-43CC-B72B-F5ADFDF2BD7B}.Release|Any CPU.Build.0 = Release|Any CPU
	EndGlobalSection
	GlobalSection(SolutionProperties) = preSolution
		HideSolutionNode = FALSE
	EndGlobalSection
	GlobalSection(ExtensibilityGlobals) = postSolution
		SolutionGuid = {66D20FC2-1100-4BB4-84F0-BB32FDF5351D}
	EndGlobalSection
EndGlobal
